
Microsoft Visual Studio Solution File, Format Version 12.00
# Visual Studio Version 16
VisualStudioVersion = 16.0.31205.134
MinimumVisualStudioVersion = 10.0.40219.1
Project("{2150E333-8FDC-42A3-9474-1A3956D46DE8}") = "CPP", "CPP", "{A427FB8C-9D14-4899-AF77-43967FA7ED0B}"
EndProject
Project("{2150E333-8FDC-42A3-9474-1A3956D46DE8}") = "CSharp", "CSharp", "{1902AB9F-2C61-48C4-925B-D382EFB31A2A}"
EndProject
Project("{2150E333-8FDC-42A3-9474-1A3956D46DE8}") = "Language", "Language", "{71716357-55F3-403A-82E2-D1937164EAAE}"
EndProject
Project("{2150E333-8FDC-42A3-9474-1A3956D46DE8}") = "Client", "Client", "{3DAC89E0-9AEC-4AB7-8EA2-BBD640F09E97}"
EndProject
Project("{2150E333-8FDC-42A3-9474-1A3956D46DE8}") = "Server", "Server", "{08047E93-BB69-4BCB-BDC4-8ADEA9D7B7DC}"
EndProject
Project("{2150E333-8FDC-42A3-9474-1A3956D46DE8}") = "Web", "Web", "{B08E1D8E-D25F-4921-8F12-652C47679E0E}"
EndProject
Project("{2150E333-8FDC-42A3-9474-1A3956D46DE8}") = "Console", "Console", "{2031EA2D-E600-4C99-9EDD-7AF14DC59B0B}"
EndProject
Project("{2150E333-8FDC-42A3-9474-1A3956D46DE8}") = "WindowsForm", "WindowsForm", "{D523DB46-7924-4950-8D04-61C88153474C}"
EndProject
Project("{2150E333-8FDC-42A3-9474-1A3956D46DE8}") = "Test", "Test", "{0E235CF3-1CE4-4942-AF59-C9DCCABC84C1}"
EndProject
Project("{8BC9CEB8-8B4A-11D0-8D11-00A0C91BC942}") = "ConsoleApplication1", "Language\CPP\Test\ConsoleApplication1\ConsoleApplication1.vcxproj", "{825CBE49-62AD-47E3-BC11-319481264C56}"
EndProject
Project("{2150E333-8FDC-42A3-9474-1A3956D46DE8}") = "Test", "Test", "{020467E4-9C76-4EF5-A52C-A474F273AADE}"
EndProject
Project("{FAE04EC0-301F-11D3-BF4B-00C04F79EFBC}") = "ConsoleApp1", "Language\CSharp\Client\Console\Test\ConsoleApp1\ConsoleApp1.csproj", "{C4AE3F8F-B019-4310-AF93-8B6BCE44DC0C}"
EndProject
Project("{2150E333-8FDC-42A3-9474-1A3956D46DE8}") = "Test", "Test", "{5F3ED656-8E35-49CA-979C-114E89373417}"
EndProject
Project("{9A19103F-16F7-4668-BE54-9A1E7A4F7556}") = "WinFormsApp1", "Language\CSharp\Client\WindowsForm\Test\WinFormsApp1\WinFormsApp1.csproj", "{A455F499-6F89-4570-9284-4CC3E4836792}"
EndProject
Project("{2150E333-8FDC-42A3-9474-1A3956D46DE8}") = "Test", "Test", "{D72A2A1E-F00B-4835-B607-1BA1AFB52863}"
EndProject
Project("{2150E333-8FDC-42A3-9474-1A3956D46DE8}") = "Test", "Test", "{FEE43753-B48E-439A-AB82-AF832D435275}"
EndProject
Project("{FAE04EC0-301F-11D3-BF4B-00C04F79EFBC}") = "WinFormsApp2", "Language\CSharp\Server\Test\WinFormsApp2\WinFormsApp2.csproj", "{23CC1505-2CCD-44F5-B4EC-126574EF00B2}"
EndProject
Project("{FAE04EC0-301F-11D3-BF4B-00C04F79EFBC}") = "ConsoleApp2", "Language\CSharp\Web\Test\ConsoleApp2\ConsoleApp2.csproj", "{4AC3189C-D4A6-44C6-AAB4-43DCB05FAE55}"
EndProject
Global
	GlobalSection(SolutionConfigurationPlatforms) = preSolution
		Debug|Any CPU = Debug|Any CPU
		Debug|x64 = Debug|x64
		Debug|x86 = Debug|x86
		Release|Any CPU = Release|Any CPU
		Release|x64 = Release|x64
		Release|x86 = Release|x86
	EndGlobalSection
	GlobalSection(ProjectConfigurationPlatforms) = postSolution
		{825CBE49-62AD-47E3-BC11-319481264C56}.Debug|Any CPU.ActiveCfg = Debug|Win32
		{825CBE49-62AD-47E3-BC11-319481264C56}.Debug|x64.ActiveCfg = Debug|x64
		{825CBE49-62AD-47E3-BC11-319481264C56}.Debug|x64.Build.0 = Debug|x64
		{825CBE49-62AD-47E3-BC11-319481264C56}.Debug|x86.ActiveCfg = Debug|Win32
		{825CBE49-62AD-47E3-BC11-319481264C56}.Debug|x86.Build.0 = Debug|Win32
		{825CBE49-62AD-47E3-BC11-319481264C56}.Release|Any CPU.ActiveCfg = Release|Win32
		{825CBE49-62AD-47E3-BC11-319481264C56}.Release|x64.ActiveCfg = Release|x64
		{825CBE49-62AD-47E3-BC11-319481264C56}.Release|x64.Build.0 = Release|x64
		{825CBE49-62AD-47E3-BC11-319481264C56}.Release|x86.ActiveCfg = Release|Win32
		{825CBE49-62AD-47E3-BC11-319481264C56}.Release|x86.Build.0 = Release|Win32
		{C4AE3F8F-B019-4310-AF93-8B6BCE44DC0C}.Debug|Any CPU.ActiveCfg = Debug|Any CPU
		{C4AE3F8F-B019-4310-AF93-8B6BCE44DC0C}.Debug|Any CPU.Build.0 = Debug|Any CPU
		{C4AE3F8F-B019-4310-AF93-8B6BCE44DC0C}.Debug|x64.ActiveCfg = Debug|Any CPU
		{C4AE3F8F-B019-4310-AF93-8B6BCE44DC0C}.Debug|x64.Build.0 = Debug|Any CPU
		{C4AE3F8F-B019-4310-AF93-8B6BCE44DC0C}.Debug|x86.ActiveCfg = Debug|Any CPU
		{C4AE3F8F-B019-4310-AF93-8B6BCE44DC0C}.Debug|x86.Build.0 = Debug|Any CPU
		{C4AE3F8F-B019-4310-AF93-8B6BCE44DC0C}.Release|Any CPU.ActiveCfg = Release|Any CPU
		{C4AE3F8F-B019-4310-AF93-8B6BCE44DC0C}.Release|Any CPU.Build.0 = Release|Any CPU
		{C4AE3F8F-B019-4310-AF93-8B6BCE44DC0C}.Release|x64.ActiveCfg = Release|Any CPU
		{C4AE3F8F-B019-4310-AF93-8B6BCE44DC0C}.Release|x64.Build.0 = Release|Any CPU
		{C4AE3F8F-B019-4310-AF93-8B6BCE44DC0C}.Release|x86.ActiveCfg = Release|Any CPU
		{C4AE3F8F-B019-4310-AF93-8B6BCE44DC0C}.Release|x86.Build.0 = Release|Any CPU
		{A455F499-6F89-4570-9284-4CC3E4836792}.Debug|Any CPU.ActiveCfg = Debug|Any CPU
		{A455F499-6F89-4570-9284-4CC3E4836792}.Debug|Any CPU.Build.0 = Debug|Any CPU
		{A455F499-6F89-4570-9284-4CC3E4836792}.Debug|x64.ActiveCfg = Debug|Any CPU
		{A455F499-6F89-4570-9284-4CC3E4836792}.Debug|x64.Build.0 = Debug|Any CPU
		{A455F499-6F89-4570-9284-4CC3E4836792}.Debug|x86.ActiveCfg = Debug|Any CPU
		{A455F499-6F89-4570-9284-4CC3E4836792}.Debug|x86.Build.0 = Debug|Any CPU
		{A455F499-6F89-4570-9284-4CC3E4836792}.Release|Any CPU.ActiveCfg = Release|Any CPU
		{A455F499-6F89-4570-9284-4CC3E4836792}.Release|Any CPU.Build.0 = Release|Any CPU
		{A455F499-6F89-4570-9284-4CC3E4836792}.Release|x64.ActiveCfg = Release|Any CPU
		{A455F499-6F89-4570-9284-4CC3E4836792}.Release|x64.Build.0 = Release|Any CPU
		{A455F499-6F89-4570-9284-4CC3E4836792}.Release|x86.ActiveCfg = Release|Any CPU
		{A455F499-6F89-4570-9284-4CC3E4836792}.Release|x86.Build.0 = Release|Any CPU
		{23CC1505-2CCD-44F5-B4EC-126574EF00B2}.Debug|Any CPU.ActiveCfg = Debug|Any CPU
		{23CC1505-2CCD-44F5-B4EC-126574EF00B2}.Debug|Any CPU.Build.0 = Debug|Any CPU
		{23CC1505-2CCD-44F5-B4EC-126574EF00B2}.Debug|x64.ActiveCfg = Debug|Any CPU
		{23CC1505-2CCD-44F5-B4EC-126574EF00B2}.Debug|x64.Build.0 = Debug|Any CPU
		{23CC1505-2CCD-44F5-B4EC-126574EF00B2}.Debug|x86.ActiveCfg = Debug|Any CPU
		{23CC1505-2CCD-44F5-B4EC-126574EF00B2}.Debug|x86.Build.0 = Debug|Any CPU
		{23CC1505-2CCD-44F5-B4EC-126574EF00B2}.Release|Any CPU.ActiveCfg = Release|Any CPU
		{23CC1505-2CCD-44F5-B4EC-126574EF00B2}.Release|Any CPU.Build.0 = Release|Any CPU
		{23CC1505-2CCD-44F5-B4EC-126574EF00B2}.Release|x64.ActiveCfg = Release|Any CPU
		{23CC1505-2CCD-44F5-B4EC-126574EF00B2}.Release|x64.Build.0 = Release|Any CPU
		{23CC1505-2CCD-44F5-B4EC-126574EF00B2}.Release|x86.ActiveCfg = Release|Any CPU
		{23CC1505-2CCD-44F5-B4EC-126574EF00B2}.Release|x86.Build.0 = Release|Any CPU
		{4AC3189C-D4A6-44C6-AAB4-43DCB05FAE55}.Debug|Any CPU.ActiveCfg = Debug|Any CPU
		{4AC3189C-D4A6-44C6-AAB4-43DCB05FAE55}.Debug|Any CPU.Build.0 = Debug|Any CPU
		{4AC3189C-D4A6-44C6-AAB4-43DCB05FAE55}.Debug|x64.ActiveCfg = Debug|Any CPU
		{4AC3189C-D4A6-44C6-AAB4-43DCB05FAE55}.Debug|x64.Build.0 = Debug|Any CPU
		{4AC3189C-D4A6-44C6-AAB4-43DCB05FAE55}.Debug|x86.ActiveCfg = Debug|Any CPU
		{4AC3189C-D4A6-44C6-AAB4-43DCB05FAE55}.Debug|x86.Build.0 = Debug|Any CPU
		{4AC3189C-D4A6-44C6-AAB4-43DCB05FAE55}.Release|Any CPU.ActiveCfg = Release|Any CPU
		{4AC3189C-D4A6-44C6-AAB4-43DCB05FAE55}.Release|Any CPU.Build.0 = Release|Any CPU
		{4AC3189C-D4A6-44C6-AAB4-43DCB05FAE55}.Release|x64.ActiveCfg = Release|Any CPU
		{4AC3189C-D4A6-44C6-AAB4-43DCB05FAE55}.Release|x64.Build.0 = Release|Any CPU
		{4AC3189C-D4A6-44C6-AAB4-43DCB05FAE55}.Release|x86.ActiveCfg = Release|Any CPU
		{4AC3189C-D4A6-44C6-AAB4-43DCB05FAE55}.Release|x86.Build.0 = Release|Any CPU
	EndGlobalSection
	GlobalSection(SolutionProperties) = preSolution
		HideSolutionNode = FALSE
	EndGlobalSection
	GlobalSection(NestedProjects) = preSolution
		{A427FB8C-9D14-4899-AF77-43967FA7ED0B} = {71716357-55F3-403A-82E2-D1937164EAAE}
		{1902AB9F-2C61-48C4-925B-D382EFB31A2A} = {71716357-55F3-403A-82E2-D1937164EAAE}
		{3DAC89E0-9AEC-4AB7-8EA2-BBD640F09E97} = {1902AB9F-2C61-48C4-925B-D382EFB31A2A}
		{08047E93-BB69-4BCB-BDC4-8ADEA9D7B7DC} = {1902AB9F-2C61-48C4-925B-D382EFB31A2A}
		{B08E1D8E-D25F-4921-8F12-652C47679E0E} = {1902AB9F-2C61-48C4-925B-D382EFB31A2A}
		{2031EA2D-E600-4C99-9EDD-7AF14DC59B0B} = {3DAC89E0-9AEC-4AB7-8EA2-BBD640F09E97}
		{D523DB46-7924-4950-8D04-61C88153474C} = {3DAC89E0-9AEC-4AB7-8EA2-BBD640F09E97}
		{0E235CF3-1CE4-4942-AF59-C9DCCABC84C1} = {A427FB8C-9D14-4899-AF77-43967FA7ED0B}
		{825CBE49-62AD-47E3-BC11-319481264C56} = {0E235CF3-1CE4-4942-AF59-C9DCCABC84C1}
		{020467E4-9C76-4EF5-A52C-A474F273AADE} = {2031EA2D-E600-4C99-9EDD-7AF14DC59B0B}
		{C4AE3F8F-B019-4310-AF93-8B6BCE44DC0C} = {020467E4-9C76-4EF5-A52C-A474F273AADE}
		{5F3ED656-8E35-49CA-979C-114E89373417} = {D523DB46-7924-4950-8D04-61C88153474C}
		{A455F499-6F89-4570-9284-4CC3E4836792} = {5F3ED656-8E35-49CA-979C-114E89373417}
		{D72A2A1E-F00B-4835-B607-1BA1AFB52863} = {08047E93-BB69-4BCB-BDC4-8ADEA9D7B7DC}
		{FEE43753-B48E-439A-AB82-AF832D435275} = {B08E1D8E-D25F-4921-8F12-652C47679E0E}
		{23CC1505-2CCD-44F5-B4EC-126574EF00B2} = {D72A2A1E-F00B-4835-B607-1BA1AFB52863}
		{4AC3189C-D4A6-44C6-AAB4-43DCB05FAE55} = {FEE43753-B48E-439A-AB82-AF832D435275}
	EndGlobalSection
	GlobalSection(ExtensibilityGlobals) = postSolution
		SolutionGuid = {5EBBA021-FBA8-4CB7-A1EE-6F00163D686B}
	EndGlobalSection
EndGlobal
